
Microsoft Visual Studio Solution File, Format Version 12.00
# Visual Studio 2013
VisualStudioVersion = 12.0.30501.0
MinimumVisualStudioVersion = 10.0.40219.1
Project("{FAE04EC0-301F-11D3-BF4B-00C04F79EFBC}") = "Maatwerk Toets", "Maatwerk Toets\Maatwerk Toets.csproj", "{A08B8151-E45C-4F2F-9DC3-9204D4F7554E}"
EndProject
Project("{FAE04EC0-301F-11D3-BF4B-00C04F79EFBC}") = "Unit Test 1", "Unit Test 1\Unit Test 1.csproj", "{D74CC706-F40B-407D-8BE1-1BF7DADDCA4F}"
EndProject
Global
	GlobalSection(SolutionConfigurationPlatforms) = preSolution
		Debug|Any CPU = Debug|Any CPU
		Release|Any CPU = Release|Any CPU
	EndGlobalSection
	GlobalSection(ProjectConfigurationPlatforms) = postSolution
		{A08B8151-E45C-4F2F-9DC3-9204D4F7554E}.Debug|Any CPU.ActiveCfg = Debug|Any CPU
		{A08B8151-E45C-4F2F-9DC3-9204D4F7554E}.Debug|Any CPU.Build.0 = Debug|Any CPU
		{A08B8151-E45C-4F2F-9DC3-9204D4F7554E}.Release|Any CPU.ActiveCfg = Release|Any CPU
		{A08B8151-E45C-4F2F-9DC3-9204D4F7554E}.Release|Any CPU.Build.0 = Release|Any CPU
		{D74CC706-F40B-407D-8BE1-1BF7DADDCA4F}.Debug|Any CPU.ActiveCfg = Debug|Any CPU
		{D74CC706-F40B-407D-8BE1-1BF7DADDCA4F}.Debug|Any CPU.Build.0 = Debug|Any CPU
		{D74CC706-F40B-407D-8BE1-1BF7DADDCA4F}.Release|Any CPU.ActiveCfg = Release|Any CPU
		{D74CC706-F40B-407D-8BE1-1BF7DADDCA4F}.Release|Any CPU.Build.0 = Release|Any CPU
	EndGlobalSection
	GlobalSection(SolutionProperties) = preSolution
		HideSolutionNode = FALSE
	EndGlobalSection
EndGlobal
